
Microsoft Visual Studio Solution File, Format Version 12.00
# Visual Studio 15
VisualStudioVersion = 15.0.26430.12
MinimumVisualStudioVersion = 10.0.40219.1
Project("{FAE04EC0-301F-11D3-BF4B-00C04F79EFBC}") = "NUnitPractiseApp", "NUnitPractiseApp\NUnitPractiseApp.csproj", "{060C9903-5D48-458B-AC20-73843315E3E2}"
EndProject
Project("{FAE04EC0-301F-11D3-BF4B-00C04F79EFBC}") = "NUnitPractiseApp.Tests", "NUnitPractiseApp.Tests\NUnitPractiseApp.Tests.csproj", "{97684EA4-1C6E-4731-B743-4150D713B701}"
EndProject
Global
	GlobalSection(SolutionConfigurationPlatforms) = preSolution
		Debug|Any CPU = Debug|Any CPU
		Release|Any CPU = Release|Any CPU
	EndGlobalSection
	GlobalSection(ProjectConfigurationPlatforms) = postSolution
		{060C9903-5D48-458B-AC20-73843315E3E2}.Debug|Any CPU.ActiveCfg = Debug|Any CPU
		{060C9903-5D48-458B-AC20-73843315E3E2}.Debug|Any CPU.Build.0 = Debug|Any CPU
		{060C9903-5D48-458B-AC20-73843315E3E2}.Release|Any CPU.ActiveCfg = Release|Any CPU
		{060C9903-5D48-458B-AC20-73843315E3E2}.Release|Any CPU.Build.0 = Release|Any CPU
		{97684EA4-1C6E-4731-B743-4150D713B701}.Debug|Any CPU.ActiveCfg = Debug|Any CPU
		{97684EA4-1C6E-4731-B743-4150D713B701}.Debug|Any CPU.Build.0 = Debug|Any CPU
		{97684EA4-1C6E-4731-B743-4150D713B701}.Release|Any CPU.ActiveCfg = Release|Any CPU
		{97684EA4-1C6E-4731-B743-4150D713B701}.Release|Any CPU.Build.0 = Release|Any CPU
	EndGlobalSection
	GlobalSection(SolutionProperties) = preSolution
		HideSolutionNode = FALSE
	EndGlobalSection
EndGlobal
